// !$*UTF8*$!
{
	archiveVersion = 1;
	classes = {
	};
	objectVersion = 56;
	objects = {

/* Begin PBXBuildFile section */
		05B8949E2B39E85A006301A2 /* AppDelegate.swift in Sources */ = {isa = PBXBuildFile; fileRef = 05B8949D2B39E85A006301A2 /* AppDelegate.swift */; };
		05B894A02B39E85A006301A2 /* SceneDelegate.swift in Sources */ = {isa = PBXBuildFile; fileRef = 05B8949F2B39E85A006301A2 /* SceneDelegate.swift */; };
		05B894A22B39E85A006301A2 /* ViewController.swift in Sources */ = {isa = PBXBuildFile; fileRef = 05B894A12B39E85A006301A2 /* ViewController.swift */; };
		05B894A52B39E85A006301A2 /* Main.storyboard in Resources */ = {isa = PBXBuildFile; fileRef = 05B894A32B39E85A006301A2 /* Main.storyboard */; };
		05B894A72B39E85C006301A2 /* Assets.xcassets in Resources */ = {isa = PBXBuildFile; fileRef = 05B894A62B39E85C006301A2 /* Assets.xcassets */; };
		05B894AA2B39E85C006301A2 /* LaunchScreen.storyboard in Resources */ = {isa = PBXBuildFile; fileRef = 05B894A82B39E85C006301A2 /* LaunchScreen.storyboard */; };
		05B894B32B39E8FB006301A2 /* Alamofire in Frameworks */ = {isa = PBXBuildFile; productRef = 05B894B22B39E8FB006301A2 /* Alamofire */; };
		05B894B62B39E92F006301A2 /* SnapKit in Frameworks */ = {isa = PBXBuildFile; productRef = 05B894B52B39E92F006301A2 /* SnapKit */; };
		05B894C22B39EA31006301A2 /* LoginInteractor.swift in Sources */ = {isa = PBXBuildFile; fileRef = 05B894BA2B39EA31006301A2 /* LoginInteractor.swift */; };
		05B894C32B39EA31006301A2 /* LoginViewController.swift in Sources */ = {isa = PBXBuildFile; fileRef = 05B894BC2B39EA31006301A2 /* LoginViewController.swift */; };
		05B894C42B39EA31006301A2 /* LoginPresenter.swift in Sources */ = {isa = PBXBuildFile; fileRef = 05B894BE2B39EA31006301A2 /* LoginPresenter.swift */; };
		05B894C52B39EA31006301A2 /* LoginContracts.swift in Sources */ = {isa = PBXBuildFile; fileRef = 05B894BF2B39EA31006301A2 /* LoginContracts.swift */; };
		05B894C62B39EA31006301A2 /* LoginRouter.swift in Sources */ = {isa = PBXBuildFile; fileRef = 05B894C12B39EA31006301A2 /* LoginRouter.swift */; };
		05B894D12B39EA65006301A2 /* RegisterViewController.swift in Sources */ = {isa = PBXBuildFile; fileRef = 05B894C92B39EA64006301A2 /* RegisterViewController.swift */; };
		05B894D22B39EA65006301A2 /* RegisterInteractor.swift in Sources */ = {isa = PBXBuildFile; fileRef = 05B894CB2B39EA64006301A2 /* RegisterInteractor.swift */; };
		05B894D32B39EA65006301A2 /* RegisterRouter.swift in Sources */ = {isa = PBXBuildFile; fileRef = 05B894CD2B39EA64006301A2 /* RegisterRouter.swift */; };
		05B894D42B39EA65006301A2 /* RegisterPresenter.swift in Sources */ = {isa = PBXBuildFile; fileRef = 05B894CF2B39EA65006301A2 /* RegisterPresenter.swift */; };
		05B894D52B39EA65006301A2 /* RegisterContracts.swift in Sources */ = {isa = PBXBuildFile; fileRef = 05B894D02B39EA65006301A2 /* RegisterContracts.swift */; };
		05B894D82B39EC2B006301A2 /* APIEndpoint.swift in Sources */ = {isa = PBXBuildFile; fileRef = 05B894D72B39EC2B006301A2 /* APIEndpoint.swift */; };
		05B894DA2B3A0BD7006301A2 /* APIClient.swift in Sources */ = {isa = PBXBuildFile; fileRef = 05B894D92B3A0BD7006301A2 /* APIClient.swift */; };
		05B894DC2B3A0C10006301A2 /* APIStructs.swift in Sources */ = {isa = PBXBuildFile; fileRef = 05B894DB2B3A0C10006301A2 /* APIStructs.swift */; };
		05B894DE2B3AEF05006301A2 /* AppState.swift in Sources */ = {isa = PBXBuildFile; fileRef = 05B894DD2B3AEF05006301A2 /* AppState.swift */; };
		05B894E02B3AF372006301A2 /* SevenWindsAPIError.swift in Sources */ = {isa = PBXBuildFile; fileRef = 05B894DF2B3AF372006301A2 /* SevenWindsAPIError.swift */; };
		05B894E32B3B3099006301A2 /* Localization.swift in Sources */ = {isa = PBXBuildFile; fileRef = 05B894E22B3B3099006301A2 /* Localization.swift */; };
		05B894E72B3B315E006301A2 /* Localizable.xcstrings in Resources */ = {isa = PBXBuildFile; fileRef = 05B894E62B3B315E006301A2 /* Localizable.xcstrings */; };
		05B894E92B3B3DE1006301A2 /* UIColor+SevenWings.swift in Sources */ = {isa = PBXBuildFile; fileRef = 05B894E82B3B3DE1006301A2 /* UIColor+SevenWings.swift */; };
		05B894EB2B3B4448006301A2 /* UIFont+SevenWinds.swift in Sources */ = {isa = PBXBuildFile; fileRef = 05B894EA2B3B4448006301A2 /* UIFont+SevenWinds.swift */; };
		05B894F62B3B44D2006301A2 /* sf-ui-display-700.otf in Resources */ = {isa = PBXBuildFile; fileRef = 05B894EE2B3B44D1006301A2 /* sf-ui-display-700.otf */; };
		05B894F72B3B44D2006301A2 /* sf-ui-display-100.otf in Resources */ = {isa = PBXBuildFile; fileRef = 05B894EF2B3B44D2006301A2 /* sf-ui-display-100.otf */; };
		05B894F82B3B44D2006301A2 /* sf-ui-display-200.otf in Resources */ = {isa = PBXBuildFile; fileRef = 05B894F02B3B44D2006301A2 /* sf-ui-display-200.otf */; };
		05B894F92B3B44D2006301A2 /* sf-ui-display-600.otf in Resources */ = {isa = PBXBuildFile; fileRef = 05B894F12B3B44D2006301A2 /* sf-ui-display-600.otf */; };
		05B894FA2B3B44D2006301A2 /* sf-ui-display-900.otf in Resources */ = {isa = PBXBuildFile; fileRef = 05B894F22B3B44D2006301A2 /* sf-ui-display-900.otf */; };
		05B894FB2B3B44D2006301A2 /* sf-ui-display-500.otf in Resources */ = {isa = PBXBuildFile; fileRef = 05B894F32B3B44D2006301A2 /* sf-ui-display-500.otf */; };
		05B894FC2B3B44D2006301A2 /* sf-ui-display-300.otf in Resources */ = {isa = PBXBuildFile; fileRef = 05B894F42B3B44D2006301A2 /* sf-ui-display-300.otf */; };
		05B894FD2B3B44D2006301A2 /* sf-ui-display-800.otf in Resources */ = {isa = PBXBuildFile; fileRef = 05B894F52B3B44D2006301A2 /* sf-ui-display-800.otf */; };
		05B895002B3B5ABE006301A2 /* SWTextField.swift in Sources */ = {isa = PBXBuildFile; fileRef = 05B894FF2B3B5ABE006301A2 /* SWTextField.swift */; };
		05B895022B3B6E63006301A2 /* SWButton.swift in Sources */ = {isa = PBXBuildFile; fileRef = 05B895012B3B6E63006301A2 /* SWButton.swift */; };
		05B895092B3EEF38006301A2 /* CoffeshopsListContracts.swift in Sources */ = {isa = PBXBuildFile; fileRef = 05B895082B3EEF38006301A2 /* CoffeshopsListContracts.swift */; };
		05B8950B2B3EF226006301A2 /* CoffeeshopsListViewController.swift in Sources */ = {isa = PBXBuildFile; fileRef = 05B8950A2B3EF226006301A2 /* CoffeeshopsListViewController.swift */; };
/* End PBXBuildFile section */

/* Begin PBXFileReference section */
		05B8949A2B39E85A006301A2 /* SevenWinds.app */ = {isa = PBXFileReference; explicitFileType = wrapper.application; includeInIndex = 0; path = SevenWinds.app; sourceTree = BUILT_PRODUCTS_DIR; };
		05B8949D2B39E85A006301A2 /* AppDelegate.swift */ = {isa = PBXFileReference; lastKnownFileType = sourcecode.swift; path = AppDelegate.swift; sourceTree = "<group>"; };
		05B8949F2B39E85A006301A2 /* SceneDelegate.swift */ = {isa = PBXFileReference; lastKnownFileType = sourcecode.swift; path = SceneDelegate.swift; sourceTree = "<group>"; };
		05B894A12B39E85A006301A2 /* ViewController.swift */ = {isa = PBXFileReference; lastKnownFileType = sourcecode.swift; path = ViewController.swift; sourceTree = "<group>"; };
		05B894A42B39E85A006301A2 /* Base */ = {isa = PBXFileReference; lastKnownFileType = file.storyboard; name = Base; path = Base.lproj/Main.storyboard; sourceTree = "<group>"; };
		05B894A62B39E85C006301A2 /* Assets.xcassets */ = {isa = PBXFileReference; lastKnownFileType = folder.assetcatalog; path = Assets.xcassets; sourceTree = "<group>"; };
		05B894A92B39E85C006301A2 /* Base */ = {isa = PBXFileReference; lastKnownFileType = file.storyboard; name = Base; path = Base.lproj/LaunchScreen.storyboard; sourceTree = "<group>"; };
		05B894AB2B39E85C006301A2 /* Info.plist */ = {isa = PBXFileReference; lastKnownFileType = text.plist.xml; path = Info.plist; sourceTree = "<group>"; };
		05B894BA2B39EA31006301A2 /* LoginInteractor.swift */ = {isa = PBXFileReference; fileEncoding = 4; lastKnownFileType = sourcecode.swift; path = LoginInteractor.swift; sourceTree = "<group>"; };
		05B894BC2B39EA31006301A2 /* LoginViewController.swift */ = {isa = PBXFileReference; fileEncoding = 4; lastKnownFileType = sourcecode.swift; path = LoginViewController.swift; sourceTree = "<group>"; };
		05B894BE2B39EA31006301A2 /* LoginPresenter.swift */ = {isa = PBXFileReference; fileEncoding = 4; lastKnownFileType = sourcecode.swift; path = LoginPresenter.swift; sourceTree = "<group>"; };
		05B894BF2B39EA31006301A2 /* LoginContracts.swift */ = {isa = PBXFileReference; fileEncoding = 4; lastKnownFileType = sourcecode.swift; path = LoginContracts.swift; sourceTree = "<group>"; };
		05B894C12B39EA31006301A2 /* LoginRouter.swift */ = {isa = PBXFileReference; fileEncoding = 4; lastKnownFileType = sourcecode.swift; path = LoginRouter.swift; sourceTree = "<group>"; };
		05B894C92B39EA64006301A2 /* RegisterViewController.swift */ = {isa = PBXFileReference; fileEncoding = 4; lastKnownFileType = sourcecode.swift; path = RegisterViewController.swift; sourceTree = "<group>"; };
		05B894CB2B39EA64006301A2 /* RegisterInteractor.swift */ = {isa = PBXFileReference; fileEncoding = 4; lastKnownFileType = sourcecode.swift; path = RegisterInteractor.swift; sourceTree = "<group>"; };
		05B894CD2B39EA64006301A2 /* RegisterRouter.swift */ = {isa = PBXFileReference; fileEncoding = 4; lastKnownFileType = sourcecode.swift; path = RegisterRouter.swift; sourceTree = "<group>"; };
		05B894CF2B39EA65006301A2 /* RegisterPresenter.swift */ = {isa = PBXFileReference; fileEncoding = 4; lastKnownFileType = sourcecode.swift; path = RegisterPresenter.swift; sourceTree = "<group>"; };
		05B894D02B39EA65006301A2 /* RegisterContracts.swift */ = {isa = PBXFileReference; fileEncoding = 4; lastKnownFileType = sourcecode.swift; path = RegisterContracts.swift; sourceTree = "<group>"; };
		05B894D72B39EC2B006301A2 /* APIEndpoint.swift */ = {isa = PBXFileReference; lastKnownFileType = sourcecode.swift; path = APIEndpoint.swift; sourceTree = "<group>"; };
		05B894D92B3A0BD7006301A2 /* APIClient.swift */ = {isa = PBXFileReference; lastKnownFileType = sourcecode.swift; path = APIClient.swift; sourceTree = "<group>"; };
		05B894DB2B3A0C10006301A2 /* APIStructs.swift */ = {isa = PBXFileReference; lastKnownFileType = sourcecode.swift; path = APIStructs.swift; sourceTree = "<group>"; };
		05B894DD2B3AEF05006301A2 /* AppState.swift */ = {isa = PBXFileReference; lastKnownFileType = sourcecode.swift; path = AppState.swift; sourceTree = "<group>"; };
		05B894DF2B3AF372006301A2 /* SevenWindsAPIError.swift */ = {isa = PBXFileReference; lastKnownFileType = sourcecode.swift; path = SevenWindsAPIError.swift; sourceTree = "<group>"; };
		05B894E22B3B3099006301A2 /* Localization.swift */ = {isa = PBXFileReference; lastKnownFileType = sourcecode.swift; path = Localization.swift; sourceTree = "<group>"; };
		05B894E42B3B3112006301A2 /* ru */ = {isa = PBXFileReference; lastKnownFileType = text.plist.strings; name = ru; path = ru.lproj/Main.strings; sourceTree = "<group>"; };
		05B894E52B3B3112006301A2 /* ru */ = {isa = PBXFileReference; lastKnownFileType = text.plist.strings; name = ru; path = ru.lproj/LaunchScreen.strings; sourceTree = "<group>"; };
		05B894E62B3B315E006301A2 /* Localizable.xcstrings */ = {isa = PBXFileReference; lastKnownFileType = text.json.xcstrings; path = Localizable.xcstrings; sourceTree = "<group>"; };
		05B894E82B3B3DE1006301A2 /* UIColor+SevenWings.swift */ = {isa = PBXFileReference; lastKnownFileType = sourcecode.swift; path = "UIColor+SevenWings.swift"; sourceTree = "<group>"; };
		05B894EA2B3B4448006301A2 /* UIFont+SevenWinds.swift */ = {isa = PBXFileReference; lastKnownFileType = sourcecode.swift; path = "UIFont+SevenWinds.swift"; sourceTree = "<group>"; };
		05B894EE2B3B44D1006301A2 /* sf-ui-display-700.otf */ = {isa = PBXFileReference; lastKnownFileType = file; path = "sf-ui-display-700.otf"; sourceTree = "<group>"; };
		05B894EF2B3B44D2006301A2 /* sf-ui-display-100.otf */ = {isa = PBXFileReference; lastKnownFileType = file; path = "sf-ui-display-100.otf"; sourceTree = "<group>"; };
		05B894F02B3B44D2006301A2 /* sf-ui-display-200.otf */ = {isa = PBXFileReference; lastKnownFileType = file; path = "sf-ui-display-200.otf"; sourceTree = "<group>"; };
		05B894F12B3B44D2006301A2 /* sf-ui-display-600.otf */ = {isa = PBXFileReference; lastKnownFileType = file; path = "sf-ui-display-600.otf"; sourceTree = "<group>"; };
		05B894F22B3B44D2006301A2 /* sf-ui-display-900.otf */ = {isa = PBXFileReference; lastKnownFileType = file; path = "sf-ui-display-900.otf"; sourceTree = "<group>"; };
		05B894F32B3B44D2006301A2 /* sf-ui-display-500.otf */ = {isa = PBXFileReference; lastKnownFileType = file; path = "sf-ui-display-500.otf"; sourceTree = "<group>"; };
		05B894F42B3B44D2006301A2 /* sf-ui-display-300.otf */ = {isa = PBXFileReference; lastKnownFileType = file; path = "sf-ui-display-300.otf"; sourceTree = "<group>"; };
		05B894F52B3B44D2006301A2 /* sf-ui-display-800.otf */ = {isa = PBXFileReference; lastKnownFileType = file; path = "sf-ui-display-800.otf"; sourceTree = "<group>"; };
		05B894FF2B3B5ABE006301A2 /* SWTextField.swift */ = {isa = PBXFileReference; lastKnownFileType = sourcecode.swift; path = SWTextField.swift; sourceTree = "<group>"; };
		05B895012B3B6E63006301A2 /* SWButton.swift */ = {isa = PBXFileReference; lastKnownFileType = sourcecode.swift; path = SWButton.swift; sourceTree = "<group>"; };
		05B895082B3EEF38006301A2 /* CoffeshopsListContracts.swift */ = {isa = PBXFileReference; lastKnownFileType = sourcecode.swift; path = CoffeshopsListContracts.swift; sourceTree = "<group>"; };
		05B8950A2B3EF226006301A2 /* CoffeeshopsListViewController.swift */ = {isa = PBXFileReference; lastKnownFileType = sourcecode.swift; path = CoffeeshopsListViewController.swift; sourceTree = "<group>"; };
/* End PBXFileReference section */

/* Begin PBXFrameworksBuildPhase section */
		05B894972B39E85A006301A2 /* Frameworks */ = {
			isa = PBXFrameworksBuildPhase;
			buildActionMask = 2147483647;
			files = (
				05B894B32B39E8FB006301A2 /* Alamofire in Frameworks */,
				05B894B62B39E92F006301A2 /* SnapKit in Frameworks */,
			);
			runOnlyForDeploymentPostprocessing = 0;
		};
/* End PBXFrameworksBuildPhase section */

/* Begin PBXGroup section */
		05B894912B39E85A006301A2 = {
			isa = PBXGroup;
			children = (
				05B8949C2B39E85A006301A2 /* SevenWinds */,
				05B8949B2B39E85A006301A2 /* Products */,
			);
			sourceTree = "<group>";
		};
		05B8949B2B39E85A006301A2 /* Products */ = {
			isa = PBXGroup;
			children = (
				05B8949A2B39E85A006301A2 /* SevenWinds.app */,
			);
			name = Products;
			sourceTree = "<group>";
		};
		05B8949C2B39E85A006301A2 /* SevenWinds */ = {
			isa = PBXGroup;
			children = (
				05B895062B3EEF04006301A2 /* MainPage */,
				05B894EC2B3B44AE006301A2 /* Resources */,
				05B894E12B3B3084006301A2 /* Localization */,
				05B894D62B39EAD4006301A2 /* APIClient */,
				05B894B72B39E9D2006301A2 /* Login */,
				05B8949D2B39E85A006301A2 /* AppDelegate.swift */,
				05B8949F2B39E85A006301A2 /* SceneDelegate.swift */,
				05B894A12B39E85A006301A2 /* ViewController.swift */,
				05B894A32B39E85A006301A2 /* Main.storyboard */,
				05B894A82B39E85C006301A2 /* LaunchScreen.storyboard */,
				05B894AB2B39E85C006301A2 /* Info.plist */,
				05B894DD2B3AEF05006301A2 /* AppState.swift */,
			);
			path = SevenWinds;
			sourceTree = "<group>";
		};
		05B894B72B39E9D2006301A2 /* Login */ = {
			isa = PBXGroup;
			children = (
				05B894FE2B3B5AAA006301A2 /* Common */,
				05B894E62B3B315E006301A2 /* Localizable.xcstrings */,
				05B894C72B39EA42006301A2 /* RegisterModule */,
				05B894B82B39EA05006301A2 /* LoginModule */,
			);
			path = Login;
			sourceTree = "<group>";
		};
		05B894B82B39EA05006301A2 /* LoginModule */ = {
			isa = PBXGroup;
			children = (
				05B894BA2B39EA31006301A2 /* LoginInteractor.swift */,
				05B894BF2B39EA31006301A2 /* LoginContracts.swift */,
				05B894BE2B39EA31006301A2 /* LoginPresenter.swift */,
				05B894C12B39EA31006301A2 /* LoginRouter.swift */,
				05B894BC2B39EA31006301A2 /* LoginViewController.swift */,
			);
			path = LoginModule;
			sourceTree = "<group>";
		};
		05B894C72B39EA42006301A2 /* RegisterModule */ = {
			isa = PBXGroup;
			children = (
				05B894D02B39EA65006301A2 /* RegisterContracts.swift */,
				05B894CB2B39EA64006301A2 /* RegisterInteractor.swift */,
				05B894CF2B39EA65006301A2 /* RegisterPresenter.swift */,
				05B894CD2B39EA64006301A2 /* RegisterRouter.swift */,
				05B894C92B39EA64006301A2 /* RegisterViewController.swift */,
			);
			path = RegisterModule;
			sourceTree = "<group>";
		};
		05B894D62B39EAD4006301A2 /* APIClient */ = {
			isa = PBXGroup;
			children = (
				05B894D72B39EC2B006301A2 /* APIEndpoint.swift */,
				05B894D92B3A0BD7006301A2 /* APIClient.swift */,
				05B894DB2B3A0C10006301A2 /* APIStructs.swift */,
				05B894DF2B3AF372006301A2 /* SevenWindsAPIError.swift */,
			);
			path = APIClient;
			sourceTree = "<group>";
		};
		05B894E12B3B3084006301A2 /* Localization */ = {
			isa = PBXGroup;
			children = (
				05B894E22B3B3099006301A2 /* Localization.swift */,
				05B894E82B3B3DE1006301A2 /* UIColor+SevenWings.swift */,
				05B894EA2B3B4448006301A2 /* UIFont+SevenWinds.swift */,
			);
			path = Localization;
			sourceTree = "<group>";
		};
		05B894EC2B3B44AE006301A2 /* Resources */ = {
			isa = PBXGroup;
			children = (
				05B894ED2B3B44C2006301A2 /* Fonts */,
				05B894A62B39E85C006301A2 /* Assets.xcassets */,
			);
			path = Resources;
			sourceTree = "<group>";
		};
		05B894ED2B3B44C2006301A2 /* Fonts */ = {
			isa = PBXGroup;
			children = (
				05B894F22B3B44D2006301A2 /* sf-ui-display-900.otf */,
				05B894F52B3B44D2006301A2 /* sf-ui-display-800.otf */,
				05B894EE2B3B44D1006301A2 /* sf-ui-display-700.otf */,
				05B894F12B3B44D2006301A2 /* sf-ui-display-600.otf */,
				05B894F32B3B44D2006301A2 /* sf-ui-display-500.otf */,
				05B894F42B3B44D2006301A2 /* sf-ui-display-300.otf */,
				05B894F02B3B44D2006301A2 /* sf-ui-display-200.otf */,
				05B894EF2B3B44D2006301A2 /* sf-ui-display-100.otf */,
			);
			path = Fonts;
			sourceTree = "<group>";
		};
		05B894FE2B3B5AAA006301A2 /* Common */ = {
			isa = PBXGroup;
			children = (
				05B894FF2B3B5ABE006301A2 /* SWTextField.swift */,
				05B895012B3B6E63006301A2 /* SWButton.swift */,
			);
			path = Common;
			sourceTree = "<group>";
		};
		05B895062B3EEF04006301A2 /* MainPage */ = {
			isa = PBXGroup;
			children = (
				05B895072B3EEF12006301A2 /* CoffeeshopsList */,
			);
			path = MainPage;
			sourceTree = "<group>";
		};
		05B895072B3EEF12006301A2 /* CoffeeshopsList */ = {
			isa = PBXGroup;
			children = (
				05B895082B3EEF38006301A2 /* CoffeshopsListContracts.swift */,
				05B8950A2B3EF226006301A2 /* CoffeeshopsListViewController.swift */,
			);
			path = CoffeeshopsList;
			sourceTree = "<group>";
		};
/* End PBXGroup section */

/* Begin PBXNativeTarget section */
		05B894992B39E85A006301A2 /* SevenWinds */ = {
			isa = PBXNativeTarget;
			buildConfigurationList = 05B894AE2B39E85C006301A2 /* Build configuration list for PBXNativeTarget "SevenWinds" */;
			buildPhases = (
				05B894962B39E85A006301A2 /* Sources */,
				05B894972B39E85A006301A2 /* Frameworks */,
				05B894982B39E85A006301A2 /* Resources */,
			);
			buildRules = (
			);
			dependencies = (
			);
			name = SevenWinds;
			packageProductDependencies = (
				05B894B22B39E8FB006301A2 /* Alamofire */,
				05B894B52B39E92F006301A2 /* SnapKit */,
			);
			productName = SevenWinds;
			productReference = 05B8949A2B39E85A006301A2 /* SevenWinds.app */;
			productType = "com.apple.product-type.application";
		};
/* End PBXNativeTarget section */

/* Begin PBXProject section */
		05B894922B39E85A006301A2 /* Project object */ = {
			isa = PBXProject;
			attributes = {
				BuildIndependentTargetsInParallel = 1;
				LastSwiftUpdateCheck = 1500;
				LastUpgradeCheck = 1500;
				TargetAttributes = {
					05B894992B39E85A006301A2 = {
						CreatedOnToolsVersion = 15.0.1;
					};
				};
			};
			buildConfigurationList = 05B894952B39E85A006301A2 /* Build configuration list for PBXProject "SevenWinds" */;
			compatibilityVersion = "Xcode 14.0";
			developmentRegion = ru;
			hasScannedForEncodings = 0;
			knownRegions = (
				en,
				Base,
				ru,
			);
			mainGroup = 05B894912B39E85A006301A2;
			packageReferences = (
				05B894B12B39E8FB006301A2 /* XCRemoteSwiftPackageReference "Alamofire" */,
				05B894B42B39E92F006301A2 /* XCRemoteSwiftPackageReference "SnapKit" */,
			);
			productRefGroup = 05B8949B2B39E85A006301A2 /* Products */;
			projectDirPath = "";
			projectRoot = "";
			targets = (
				05B894992B39E85A006301A2 /* SevenWinds */,
			);
		};
/* End PBXProject section */

/* Begin PBXResourcesBuildPhase section */
		05B894982B39E85A006301A2 /* Resources */ = {
			isa = PBXResourcesBuildPhase;
			buildActionMask = 2147483647;
			files = (
				05B894F82B3B44D2006301A2 /* sf-ui-display-200.otf in Resources */,
				05B894AA2B39E85C006301A2 /* LaunchScreen.storyboard in Resources */,
				05B894F62B3B44D2006301A2 /* sf-ui-display-700.otf in Resources */,
				05B894F72B3B44D2006301A2 /* sf-ui-display-100.otf in Resources */,
				05B894A72B39E85C006301A2 /* Assets.xcassets in Resources */,
				05B894F92B3B44D2006301A2 /* sf-ui-display-600.otf in Resources */,
				05B894FA2B3B44D2006301A2 /* sf-ui-display-900.otf in Resources */,
				05B894E72B3B315E006301A2 /* Localizable.xcstrings in Resources */,
				05B894FD2B3B44D2006301A2 /* sf-ui-display-800.otf in Resources */,
				05B894FC2B3B44D2006301A2 /* sf-ui-display-300.otf in Resources */,
				05B894A52B39E85A006301A2 /* Main.storyboard in Resources */,
				05B894FB2B3B44D2006301A2 /* sf-ui-display-500.otf in Resources */,
			);
			runOnlyForDeploymentPostprocessing = 0;
		};
/* End PBXResourcesBuildPhase section */

/* Begin PBXSourcesBuildPhase section */
		05B894962B39E85A006301A2 /* Sources */ = {
			isa = PBXSourcesBuildPhase;
			buildActionMask = 2147483647;
			files = (
				05B894E32B3B3099006301A2 /* Localization.swift in Sources */,
				05B894D12B39EA65006301A2 /* RegisterViewController.swift in Sources */,
				05B894D22B39EA65006301A2 /* RegisterInteractor.swift in Sources */,
				05B894C42B39EA31006301A2 /* LoginPresenter.swift in Sources */,
				05B894E92B3B3DE1006301A2 /* UIColor+SevenWings.swift in Sources */,
				05B894C22B39EA31006301A2 /* LoginInteractor.swift in Sources */,
				05B894D32B39EA65006301A2 /* RegisterRouter.swift in Sources */,
				05B894A22B39E85A006301A2 /* ViewController.swift in Sources */,
				05B894DE2B3AEF05006301A2 /* AppState.swift in Sources */,
				05B894E02B3AF372006301A2 /* SevenWindsAPIError.swift in Sources */,
				05B894C52B39EA31006301A2 /* LoginContracts.swift in Sources */,
				05B894D82B39EC2B006301A2 /* APIEndpoint.swift in Sources */,
				05B894DA2B3A0BD7006301A2 /* APIClient.swift in Sources */,
				05B895092B3EEF38006301A2 /* CoffeshopsListContracts.swift in Sources */,
				05B895002B3B5ABE006301A2 /* SWTextField.swift in Sources */,
				05B894EB2B3B4448006301A2 /* UIFont+SevenWinds.swift in Sources */,
				05B8950B2B3EF226006301A2 /* CoffeeshopsListViewController.swift in Sources */,
				05B894D42B39EA65006301A2 /* RegisterPresenter.swift in Sources */,
				05B8949E2B39E85A006301A2 /* AppDelegate.swift in Sources */,
				05B894C32B39EA31006301A2 /* LoginViewController.swift in Sources */,
				05B894C62B39EA31006301A2 /* LoginRouter.swift in Sources */,
				05B894DC2B3A0C10006301A2 /* APIStructs.swift in Sources */,
				05B894D52B39EA65006301A2 /* RegisterContracts.swift in Sources */,
				05B894A02B39E85A006301A2 /* SceneDelegate.swift in Sources */,
				05B895022B3B6E63006301A2 /* SWButton.swift in Sources */,
			);
			runOnlyForDeploymentPostprocessing = 0;
		};
/* End PBXSourcesBuildPhase section */

/* Begin PBXVariantGroup section */
		05B894A32B39E85A006301A2 /* Main.storyboard */ = {
			isa = PBXVariantGroup;
			children = (
				05B894A42B39E85A006301A2 /* Base */,
				05B894E42B3B3112006301A2 /* ru */,
			);
			name = Main.storyboard;
			sourceTree = "<group>";
		};
		05B894A82B39E85C006301A2 /* LaunchScreen.storyboard */ = {
			isa = PBXVariantGroup;
			children = (
				05B894A92B39E85C006301A2 /* Base */,
				05B894E52B3B3112006301A2 /* ru */,
			);
			name = LaunchScreen.storyboard;
			sourceTree = "<group>";
		};
/* End PBXVariantGroup section */

/* Begin XCBuildConfiguration section */
		05B894AC2B39E85C006301A2 /* Debug */ = {
			isa = XCBuildConfiguration;
			buildSettings = {
				ALWAYS_SEARCH_USER_PATHS = NO;
				ASSETCATALOG_COMPILER_GENERATE_SWIFT_ASSET_SYMBOL_EXTENSIONS = YES;
				CLANG_ANALYZER_LOCALIZABILITY_NONLOCALIZED = YES;
				CLANG_ANALYZER_NONNULL = YES;
				CLANG_ANALYZER_NUMBER_OBJECT_CONVERSION = YES_AGGRESSIVE;
				CLANG_CXX_LANGUAGE_STANDARD = "gnu++20";
				CLANG_ENABLE_MODULES = YES;
				CLANG_ENABLE_OBJC_ARC = YES;
				CLANG_ENABLE_OBJC_WEAK = YES;
				CLANG_WARN_BLOCK_CAPTURE_AUTORELEASING = YES;
				CLANG_WARN_BOOL_CONVERSION = YES;
				CLANG_WARN_COMMA = YES;
				CLANG_WARN_CONSTANT_CONVERSION = YES;
				CLANG_WARN_DEPRECATED_OBJC_IMPLEMENTATIONS = YES;
				CLANG_WARN_DIRECT_OBJC_ISA_USAGE = YES_ERROR;
				CLANG_WARN_DOCUMENTATION_COMMENTS = YES;
				CLANG_WARN_EMPTY_BODY = YES;
				CLANG_WARN_ENUM_CONVERSION = YES;
				CLANG_WARN_INFINITE_RECURSION = YES;
				CLANG_WARN_INT_CONVERSION = YES;
				CLANG_WARN_NON_LITERAL_NULL_CONVERSION = YES;
				CLANG_WARN_OBJC_IMPLICIT_RETAIN_SELF = YES;
				CLANG_WARN_OBJC_LITERAL_CONVERSION = YES;
				CLANG_WARN_OBJC_ROOT_CLASS = YES_ERROR;
				CLANG_WARN_QUOTED_INCLUDE_IN_FRAMEWORK_HEADER = YES;
				CLANG_WARN_RANGE_LOOP_ANALYSIS = YES;
				CLANG_WARN_STRICT_PROTOTYPES = YES;
				CLANG_WARN_SUSPICIOUS_MOVE = YES;
				CLANG_WARN_UNGUARDED_AVAILABILITY = YES_AGGRESSIVE;
				CLANG_WARN_UNREACHABLE_CODE = YES;
				CLANG_WARN__DUPLICATE_METHOD_MATCH = YES;
				COPY_PHASE_STRIP = NO;
				DEBUG_INFORMATION_FORMAT = dwarf;
				ENABLE_STRICT_OBJC_MSGSEND = YES;
				ENABLE_TESTABILITY = YES;
				ENABLE_USER_SCRIPT_SANDBOXING = YES;
				GCC_C_LANGUAGE_STANDARD = gnu17;
				GCC_DYNAMIC_NO_PIC = NO;
				GCC_NO_COMMON_BLOCKS = YES;
				GCC_OPTIMIZATION_LEVEL = 0;
				GCC_PREPROCESSOR_DEFINITIONS = (
					"DEBUG=1",
					"$(inherited)",
				);
				GCC_WARN_64_TO_32_BIT_CONVERSION = YES;
				GCC_WARN_ABOUT_RETURN_TYPE = YES_ERROR;
				GCC_WARN_UNDECLARED_SELECTOR = YES;
				GCC_WARN_UNINITIALIZED_AUTOS = YES_AGGRESSIVE;
				GCC_WARN_UNUSED_FUNCTION = YES;
				GCC_WARN_UNUSED_VARIABLE = YES;
				IPHONEOS_DEPLOYMENT_TARGET = 17.0;
				LOCALIZATION_PREFERS_STRING_CATALOGS = YES;
				MTL_ENABLE_DEBUG_INFO = INCLUDE_SOURCE;
				MTL_FAST_MATH = YES;
				ONLY_ACTIVE_ARCH = YES;
				SDKROOT = iphoneos;
				SWIFT_ACTIVE_COMPILATION_CONDITIONS = "DEBUG $(inherited)";
				SWIFT_OPTIMIZATION_LEVEL = "-Onone";
			};
			name = Debug;
		};
		05B894AD2B39E85C006301A2 /* Release */ = {
			isa = XCBuildConfiguration;
			buildSettings = {
				ALWAYS_SEARCH_USER_PATHS = NO;
				ASSETCATALOG_COMPILER_GENERATE_SWIFT_ASSET_SYMBOL_EXTENSIONS = YES;
				CLANG_ANALYZER_LOCALIZABILITY_NONLOCALIZED = YES;
				CLANG_ANALYZER_NONNULL = YES;
				CLANG_ANALYZER_NUMBER_OBJECT_CONVERSION = YES_AGGRESSIVE;
				CLANG_CXX_LANGUAGE_STANDARD = "gnu++20";
				CLANG_ENABLE_MODULES = YES;
				CLANG_ENABLE_OBJC_ARC = YES;
				CLANG_ENABLE_OBJC_WEAK = YES;
				CLANG_WARN_BLOCK_CAPTURE_AUTORELEASING = YES;
				CLANG_WARN_BOOL_CONVERSION = YES;
				CLANG_WARN_COMMA = YES;
				CLANG_WARN_CONSTANT_CONVERSION = YES;
				CLANG_WARN_DEPRECATED_OBJC_IMPLEMENTATIONS = YES;
				CLANG_WARN_DIRECT_OBJC_ISA_USAGE = YES_ERROR;
				CLANG_WARN_DOCUMENTATION_COMMENTS = YES;
				CLANG_WARN_EMPTY_BODY = YES;
				CLANG_WARN_ENUM_CONVERSION = YES;
				CLANG_WARN_INFINITE_RECURSION = YES;
				CLANG_WARN_INT_CONVERSION = YES;
				CLANG_WARN_NON_LITERAL_NULL_CONVERSION = YES;
				CLANG_WARN_OBJC_IMPLICIT_RETAIN_SELF = YES;
				CLANG_WARN_OBJC_LITERAL_CONVERSION = YES;
				CLANG_WARN_OBJC_ROOT_CLASS = YES_ERROR;
				CLANG_WARN_QUOTED_INCLUDE_IN_FRAMEWORK_HEADER = YES;
				CLANG_WARN_RANGE_LOOP_ANALYSIS = YES;
				CLANG_WARN_STRICT_PROTOTYPES = YES;
				CLANG_WARN_SUSPICIOUS_MOVE = YES;
				CLANG_WARN_UNGUARDED_AVAILABILITY = YES_AGGRESSIVE;
				CLANG_WARN_UNREACHABLE_CODE = YES;
				CLANG_WARN__DUPLICATE_METHOD_MATCH = YES;
				COPY_PHASE_STRIP = NO;
				DEBUG_INFORMATION_FORMAT = "dwarf-with-dsym";
				ENABLE_NS_ASSERTIONS = NO;
				ENABLE_STRICT_OBJC_MSGSEND = YES;
				ENABLE_USER_SCRIPT_SANDBOXING = YES;
				GCC_C_LANGUAGE_STANDARD = gnu17;
				GCC_NO_COMMON_BLOCKS = YES;
				GCC_WARN_64_TO_32_BIT_CONVERSION = YES;
				GCC_WARN_ABOUT_RETURN_TYPE = YES_ERROR;
				GCC_WARN_UNDECLARED_SELECTOR = YES;
				GCC_WARN_UNINITIALIZED_AUTOS = YES_AGGRESSIVE;
				GCC_WARN_UNUSED_FUNCTION = YES;
				GCC_WARN_UNUSED_VARIABLE = YES;
				IPHONEOS_DEPLOYMENT_TARGET = 17.0;
				LOCALIZATION_PREFERS_STRING_CATALOGS = YES;
				MTL_ENABLE_DEBUG_INFO = NO;
				MTL_FAST_MATH = YES;
				SDKROOT = iphoneos;
				SWIFT_COMPILATION_MODE = wholemodule;
				VALIDATE_PRODUCT = YES;
			};
			name = Release;
		};
		05B894AF2B39E85C006301A2 /* Debug */ = {
			isa = XCBuildConfiguration;
			buildSettings = {
				ASSETCATALOG_COMPILER_APPICON_NAME = AppIcon;
				ASSETCATALOG_COMPILER_GLOBAL_ACCENT_COLOR_NAME = AccentColor;
				CODE_SIGN_STYLE = Automatic;
				CURRENT_PROJECT_VERSION = 1;
				DEVELOPMENT_TEAM = K6SG3GJ9A3;
				GENERATE_INFOPLIST_FILE = YES;
				INFOPLIST_FILE = SevenWinds/Info.plist;
				INFOPLIST_KEY_UIApplicationSupportsIndirectInputEvents = YES;
				INFOPLIST_KEY_UILaunchStoryboardName = LaunchScreen;
				INFOPLIST_KEY_UIMainStoryboardFile = Main;
				INFOPLIST_KEY_UISupportedInterfaceOrientations_iPad = "UIInterfaceOrientationPortrait UIInterfaceOrientationPortraitUpsideDown UIInterfaceOrientationLandscapeLeft UIInterfaceOrientationLandscapeRight";
				INFOPLIST_KEY_UISupportedInterfaceOrientations_iPhone = "UIInterfaceOrientationPortrait UIInterfaceOrientationLandscapeLeft UIInterfaceOrientationLandscapeRight";
				LD_RUNPATH_SEARCH_PATHS = (
					"$(inherited)",
					"@executable_path/Frameworks",
				);
				MARKETING_VERSION = 1.0;
				PRODUCT_BUNDLE_IDENTIFIER = com.fost.SevenWinds;
				PRODUCT_NAME = "$(TARGET_NAME)";
				SWIFT_EMIT_LOC_STRINGS = YES;
				SWIFT_VERSION = 5.0;
				TARGETED_DEVICE_FAMILY = "1,2";
			};
			name = Debug;
		};
		05B894B02B39E85C006301A2 /* Release */ = {
			isa = XCBuildConfiguration;
			buildSettings = {
				ASSETCATALOG_COMPILER_APPICON_NAME = AppIcon;
				ASSETCATALOG_COMPILER_GLOBAL_ACCENT_COLOR_NAME = AccentColor;
				CODE_SIGN_STYLE = Automatic;
				CURRENT_PROJECT_VERSION = 1;
				DEVELOPMENT_TEAM = K6SG3GJ9A3;
				GENERATE_INFOPLIST_FILE = YES;
				INFOPLIST_FILE = SevenWinds/Info.plist;
				INFOPLIST_KEY_UIApplicationSupportsIndirectInputEvents = YES;
				INFOPLIST_KEY_UILaunchStoryboardName = LaunchScreen;
				INFOPLIST_KEY_UIMainStoryboardFile = Main;
				INFOPLIST_KEY_UISupportedInterfaceOrientations_iPad = "UIInterfaceOrientationPortrait UIInterfaceOrientationPortraitUpsideDown UIInterfaceOrientationLandscapeLeft UIInterfaceOrientationLandscapeRight";
				INFOPLIST_KEY_UISupportedInterfaceOrientations_iPhone = "UIInterfaceOrientationPortrait UIInterfaceOrientationLandscapeLeft UIInterfaceOrientationLandscapeRight";
				LD_RUNPATH_SEARCH_PATHS = (
					"$(inherited)",
					"@executable_path/Frameworks",
				);
				MARKETING_VERSION = 1.0;
				PRODUCT_BUNDLE_IDENTIFIER = com.fost.SevenWinds;
				PRODUCT_NAME = "$(TARGET_NAME)";
				SWIFT_EMIT_LOC_STRINGS = YES;
				SWIFT_VERSION = 5.0;
				TARGETED_DEVICE_FAMILY = "1,2";
			};
			name = Release;
		};
/* End XCBuildConfiguration section */

/* Begin XCConfigurationList section */
		05B894952B39E85A006301A2 /* Build configuration list for PBXProject "SevenWinds" */ = {
			isa = XCConfigurationList;
			buildConfigurations = (
				05B894AC2B39E85C006301A2 /* Debug */,
				05B894AD2B39E85C006301A2 /* Release */,
			);
			defaultConfigurationIsVisible = 0;
			defaultConfigurationName = Release;
		};
		05B894AE2B39E85C006301A2 /* Build configuration list for PBXNativeTarget "SevenWinds" */ = {
			isa = XCConfigurationList;
			buildConfigurations = (
				05B894AF2B39E85C006301A2 /* Debug */,
				05B894B02B39E85C006301A2 /* Release */,
			);
			defaultConfigurationIsVisible = 0;
			defaultConfigurationName = Release;
		};
/* End XCConfigurationList section */

/* Begin XCRemoteSwiftPackageReference section */
		05B894B12B39E8FB006301A2 /* XCRemoteSwiftPackageReference "Alamofire" */ = {
			isa = XCRemoteSwiftPackageReference;
			repositoryURL = "https://github.com/Alamofire/Alamofire.git";
			requirement = {
				kind = upToNextMajorVersion;
				minimumVersion = 5.8.1;
			};
		};
		05B894B42B39E92F006301A2 /* XCRemoteSwiftPackageReference "SnapKit" */ = {
			isa = XCRemoteSwiftPackageReference;
			repositoryURL = "https://github.com/SnapKit/SnapKit.git";
			requirement = {
				kind = upToNextMajorVersion;
				minimumVersion = 5.6.0;
			};
		};
/* End XCRemoteSwiftPackageReference section */

/* Begin XCSwiftPackageProductDependency section */
		05B894B22B39E8FB006301A2 /* Alamofire */ = {
			isa = XCSwiftPackageProductDependency;
			package = 05B894B12B39E8FB006301A2 /* XCRemoteSwiftPackageReference "Alamofire" */;
			productName = Alamofire;
		};
		05B894B52B39E92F006301A2 /* SnapKit */ = {
			isa = XCSwiftPackageProductDependency;
			package = 05B894B42B39E92F006301A2 /* XCRemoteSwiftPackageReference "SnapKit" */;
			productName = SnapKit;
		};
/* End XCSwiftPackageProductDependency section */
	};
	rootObject = 05B894922B39E85A006301A2 /* Project object */;
}
